
Microsoft Visual Studio Solution File, Format Version 12.00
# Visual Studio Version 17
VisualStudioVersion = 17.9.34616.47
MinimumVisualStudioVersion = 10.0.40219.1
Project("{FAE04EC0-301F-11D3-BF4B-00C04F79EFBC}") = "LaboratoriO#01", "LaboratoriO#01\LaboratoriO#01.csproj", "{AE438487-34EA-4942-BD65-7C8101177BF6}"
EndProject
Global
	GlobalSection(SolutionConfigurationPlatforms) = preSolution
		Debug|Any CPU = Debug|Any CPU
		Release|Any CPU = Release|Any CPU
	EndGlobalSection
	GlobalSection(ProjectConfigurationPlatforms) = postSolution
		{AE438487-34EA-4942-BD65-7C8101177BF6}.Debug|Any CPU.ActiveCfg = Debug|Any CPU
		{AE438487-34EA-4942-BD65-7C8101177BF6}.Debug|Any CPU.Build.0 = Debug|Any CPU
		{AE438487-34EA-4942-BD65-7C8101177BF6}.Release|Any CPU.ActiveCfg = Release|Any CPU
		{AE438487-34EA-4942-BD65-7C8101177BF6}.Release|Any CPU.Build.0 = Release|Any CPU
	EndGlobalSection
	GlobalSection(SolutionProperties) = preSolution
		HideSolutionNode = FALSE
	EndGlobalSection
	GlobalSection(ExtensibilityGlobals) = postSolution
		SolutionGuid = {D2AE5A5F-CDB4-4959-A9E5-B7497D2F8D46}
	EndGlobalSection
EndGlobal
